
Microsoft Visual Studio Solution File, Format Version 12.00
# Visual Studio Version 17
VisualStudioVersion = 17.10.34916.146
MinimumVisualStudioVersion = 10.0.40219.1
Project("{9A19103F-16F7-4668-BE54-9A1E7A4F7556}") = "TechLife.CSDLMoiTruong.App", "TechLife.CSDLMoiTruong.App\TechLife.CSDLMoiTruong.App.csproj", "{48F26D96-2CF3-4EE5-8894-21581DE86402}"
EndProject
Project("{9A19103F-16F7-4668-BE54-9A1E7A4F7556}") = "TechLife.CSDLMoiTruong.Data", "TechLife.CSDLMoiTruong.Data\TechLife.CSDLMoiTruong.Data.csproj", "{2EEEDF2F-ABBD-4BEC-B6FE-EABAA3D11D76}"
EndProject
Project("{9A19103F-16F7-4668-BE54-9A1E7A4F7556}") = "TechLife.CSDLMoiTruong.Service", "TechLife.CSDLMoiTruong.Service\TechLife.CSDLMoiTruong.Service.csproj", "{6BC0930F-D6B3-41B8-AB27-3073346D2374}"
EndProject
Project("{9A19103F-16F7-4668-BE54-9A1E7A4F7556}") = "TechLife.CSDLMoiTruong.Model", "TechLife.CSDLMoiTruong.Model\TechLife.CSDLMoiTruong.Model.csproj", "{99BB0B56-26DF-4169-B971-9C8AD21F4FBF}"
EndProject
Project("{9A19103F-16F7-4668-BE54-9A1E7A4F7556}") = "TechLife.CSDLMoiTruong.Common", "TechLife.CSDLMoiTruong.Common\TechLife.CSDLMoiTruong.Common.csproj", "{B16579C6-00A1-4D06-86DB-247C69F88CEE}"
EndProject
Global
	GlobalSection(SolutionConfigurationPlatforms) = preSolution
		Debug|Any CPU = Debug|Any CPU
		Release|Any CPU = Release|Any CPU
	EndGlobalSection
	GlobalSection(ProjectConfigurationPlatforms) = postSolution
		{48F26D96-2CF3-4EE5-8894-21581DE86402}.Debug|Any CPU.ActiveCfg = Debug|Any CPU
		{48F26D96-2CF3-4EE5-8894-21581DE86402}.Debug|Any CPU.Build.0 = Debug|Any CPU
		{48F26D96-2CF3-4EE5-8894-21581DE86402}.Release|Any CPU.ActiveCfg = Release|Any CPU
		{48F26D96-2CF3-4EE5-8894-21581DE86402}.Release|Any CPU.Build.0 = Release|Any CPU
		{2EEEDF2F-ABBD-4BEC-B6FE-EABAA3D11D76}.Debug|Any CPU.ActiveCfg = Debug|Any CPU
		{2EEEDF2F-ABBD-4BEC-B6FE-EABAA3D11D76}.Debug|Any CPU.Build.0 = Debug|Any CPU
		{2EEEDF2F-ABBD-4BEC-B6FE-EABAA3D11D76}.Release|Any CPU.ActiveCfg = Release|Any CPU
		{2EEEDF2F-ABBD-4BEC-B6FE-EABAA3D11D76}.Release|Any CPU.Build.0 = Release|Any CPU
		{6BC0930F-D6B3-41B8-AB27-3073346D2374}.Debug|Any CPU.ActiveCfg = Debug|Any CPU
		{6BC0930F-D6B3-41B8-AB27-3073346D2374}.Debug|Any CPU.Build.0 = Debug|Any CPU
		{6BC0930F-D6B3-41B8-AB27-3073346D2374}.Release|Any CPU.ActiveCfg = Release|Any CPU
		{6BC0930F-D6B3-41B8-AB27-3073346D2374}.Release|Any CPU.Build.0 = Release|Any CPU
		{99BB0B56-26DF-4169-B971-9C8AD21F4FBF}.Debug|Any CPU.ActiveCfg = Debug|Any CPU
		{99BB0B56-26DF-4169-B971-9C8AD21F4FBF}.Debug|Any CPU.Build.0 = Debug|Any CPU
		{99BB0B56-26DF-4169-B971-9C8AD21F4FBF}.Release|Any CPU.ActiveCfg = Release|Any CPU
		{99BB0B56-26DF-4169-B971-9C8AD21F4FBF}.Release|Any CPU.Build.0 = Release|Any CPU
		{B16579C6-00A1-4D06-86DB-247C69F88CEE}.Debug|Any CPU.ActiveCfg = Debug|Any CPU
		{B16579C6-00A1-4D06-86DB-247C69F88CEE}.Debug|Any CPU.Build.0 = Debug|Any CPU
		{B16579C6-00A1-4D06-86DB-247C69F88CEE}.Release|Any CPU.ActiveCfg = Release|Any CPU
		{B16579C6-00A1-4D06-86DB-247C69F88CEE}.Release|Any CPU.Build.0 = Release|Any CPU
	EndGlobalSection
	GlobalSection(SolutionProperties) = preSolution
		HideSolutionNode = FALSE
	EndGlobalSection
	GlobalSection(ExtensibilityGlobals) = postSolution
		SolutionGuid = {7F4249C9-A33F-46B6-BAE1-455525DC2CDF}
	EndGlobalSection
EndGlobal
